
Microsoft Visual Studio Solution File, Format Version 10.00
# Visual Studio 2008
Project("{8BC9CEB8-8B4A-11D0-8D11-00A0C91BC942}") = "SlimGen", "SlimGen\SlimGen.vcproj", "{300DE58F-47F3-49D2-937B-DA0901E479F0}"
EndProject
Project("{FAE04EC0-301F-11D3-BF4B-00C04F79EFBC}") = "SlimGenTest", "SlimGenTest\SlimGenTest.csproj", "{60AC3213-AC38-4CA4-9FD1-11411168D2DB}"
EndProject
Global
	GlobalSection(SolutionConfigurationPlatforms) = preSolution
		Debug|Win32 = Debug|Win32
		Debug|x64 = Debug|x64
		Release|Win32 = Release|Win32
		Release|x64 = Release|x64
	EndGlobalSection
	GlobalSection(ProjectConfigurationPlatforms) = postSolution
		{300DE58F-47F3-49D2-937B-DA0901E479F0}.Debug|Win32.ActiveCfg = Debug|Win32
		{300DE58F-47F3-49D2-937B-DA0901E479F0}.Debug|Win32.Build.0 = Debug|Win32
		{300DE58F-47F3-49D2-937B-DA0901E479F0}.Debug|x64.ActiveCfg = Debug|x64
		{300DE58F-47F3-49D2-937B-DA0901E479F0}.Debug|x64.Build.0 = Debug|x64
		{300DE58F-47F3-49D2-937B-DA0901E479F0}.Release|Win32.ActiveCfg = Release|Win32
		{300DE58F-47F3-49D2-937B-DA0901E479F0}.Release|Win32.Build.0 = Release|Win32
		{300DE58F-47F3-49D2-937B-DA0901E479F0}.Release|x64.ActiveCfg = Release|x64
		{300DE58F-47F3-49D2-937B-DA0901E479F0}.Release|x64.Build.0 = Release|x64
		{60AC3213-AC38-4CA4-9FD1-11411168D2DB}.Debug|Win32.ActiveCfg = Debug|x86
		{60AC3213-AC38-4CA4-9FD1-11411168D2DB}.Debug|Win32.Build.0 = Debug|x86
		{60AC3213-AC38-4CA4-9FD1-11411168D2DB}.Debug|x64.ActiveCfg = Debug|x64
		{60AC3213-AC38-4CA4-9FD1-11411168D2DB}.Debug|x64.Build.0 = Debug|x64
		{60AC3213-AC38-4CA4-9FD1-11411168D2DB}.Release|Win32.ActiveCfg = Release|x86
		{60AC3213-AC38-4CA4-9FD1-11411168D2DB}.Release|Win32.Build.0 = Release|x86
		{60AC3213-AC38-4CA4-9FD1-11411168D2DB}.Release|x64.ActiveCfg = Release|x64
		{60AC3213-AC38-4CA4-9FD1-11411168D2DB}.Release|x64.Build.0 = Release|x64
	EndGlobalSection
	GlobalSection(SolutionProperties) = preSolution
		HideSolutionNode = FALSE
	EndGlobalSection
EndGlobal
