
Microsoft Visual Studio Solution File, Format Version 11.00
# Visual Studio 2010
Project("{FAE04EC0-301F-11D3-BF4B-00C04F79EFBC}") = "FunctionCallTest", "FunctionCallTest\FunctionCallTest.csproj", "{AD6209D2-9586-4889-B48D-FB87E480621A}"
EndProject
Global
	GlobalSection(SolutionConfigurationPlatforms) = preSolution
		Debug|Any CPU = Debug|Any CPU
		Release|Any CPU = Release|Any CPU
	EndGlobalSection
	GlobalSection(ProjectConfigurationPlatforms) = postSolution
		{AD6209D2-9586-4889-B48D-FB87E480621A}.Debug|Any CPU.ActiveCfg = Debug|Any CPU
		{AD6209D2-9586-4889-B48D-FB87E480621A}.Debug|Any CPU.Build.0 = Debug|Any CPU
		{AD6209D2-9586-4889-B48D-FB87E480621A}.Release|Any CPU.ActiveCfg = Release|Any CPU
		{AD6209D2-9586-4889-B48D-FB87E480621A}.Release|Any CPU.Build.0 = Release|Any CPU
	EndGlobalSection
	GlobalSection(SolutionProperties) = preSolution
		HideSolutionNode = FALSE
	EndGlobalSection
EndGlobal
